
Microsoft Visual Studio Solution File, Format Version 12.00
# Visual Studio Version 17
VisualStudioVersion = 17.4.33213.308
MinimumVisualStudioVersion = 10.0.40219.1
Project("{FAE04EC0-301F-11D3-BF4B-00C04F79EFBC}") = "WalletApp", "WalletApp\WalletApp.csproj", "{385F8925-996E-459A-BBA4-B377D7E7E364}"
EndProject
Global
	GlobalSection(SolutionConfigurationPlatforms) = preSolution
		Debug|Any CPU = Debug|Any CPU
		Release|Any CPU = Release|Any CPU
	EndGlobalSection
	GlobalSection(ProjectConfigurationPlatforms) = postSolution
		{385F8925-996E-459A-BBA4-B377D7E7E364}.Debug|Any CPU.ActiveCfg = Debug|Any CPU
		{385F8925-996E-459A-BBA4-B377D7E7E364}.Debug|Any CPU.Build.0 = Debug|Any CPU
		{385F8925-996E-459A-BBA4-B377D7E7E364}.Release|Any CPU.ActiveCfg = Release|Any CPU
		{385F8925-996E-459A-BBA4-B377D7E7E364}.Release|Any CPU.Build.0 = Release|Any CPU
	EndGlobalSection
	GlobalSection(SolutionProperties) = preSolution
		HideSolutionNode = FALSE
	EndGlobalSection
	GlobalSection(ExtensibilityGlobals) = postSolution
		SolutionGuid = {5697AC42-33E8-44E1-AAC5-E3D18BBEE23A}
	EndGlobalSection
EndGlobal
